
Microsoft Visual Studio Solution File, Format Version 12.00
# Visual Studio Version 17
VisualStudioVersion = 17.13.35919.96 d17.13
MinimumVisualStudioVersion = 10.0.40219.1
Project("{FAE04EC0-301F-11D3-BF4B-00C04F79EFBC}") = "BlazorAppMaHub", "BlazorAppMaHub\BlazorAppMaHub.csproj", "{994BFB80-F89F-0066-83DD-F157C39D9CD8}"
EndProject
Project("{FAE04EC0-301F-11D3-BF4B-00C04F79EFBC}") = "BlazorAppMaHub.AppHost", "BlazorAppMaHub.AppHost\BlazorAppMaHub.AppHost.csproj", "{35BCF4BC-C4DB-41D8-879D-A901CA0D157B}"
EndProject
Project("{FAE04EC0-301F-11D3-BF4B-00C04F79EFBC}") = "BlazorAppMaHub.ServiceDefaults", "BlazorAppMaHub.ServiceDefaults\BlazorAppMaHub.ServiceDefaults.csproj", "{18C608EA-2BA3-86A0-8D10-86756F34DDCF}"
EndProject
Global
	GlobalSection(SolutionConfigurationPlatforms) = preSolution
		Debug|Any CPU = Debug|Any CPU
		Release|Any CPU = Release|Any CPU
	EndGlobalSection
	GlobalSection(ProjectConfigurationPlatforms) = postSolution
		{994BFB80-F89F-0066-83DD-F157C39D9CD8}.Debug|Any CPU.ActiveCfg = Debug|Any CPU
		{994BFB80-F89F-0066-83DD-F157C39D9CD8}.Debug|Any CPU.Build.0 = Debug|Any CPU
		{994BFB80-F89F-0066-83DD-F157C39D9CD8}.Release|Any CPU.ActiveCfg = Release|Any CPU
		{994BFB80-F89F-0066-83DD-F157C39D9CD8}.Release|Any CPU.Build.0 = Release|Any CPU
		{35BCF4BC-C4DB-41D8-879D-A901CA0D157B}.Debug|Any CPU.ActiveCfg = Debug|Any CPU
		{35BCF4BC-C4DB-41D8-879D-A901CA0D157B}.Debug|Any CPU.Build.0 = Debug|Any CPU
		{35BCF4BC-C4DB-41D8-879D-A901CA0D157B}.Release|Any CPU.ActiveCfg = Release|Any CPU
		{35BCF4BC-C4DB-41D8-879D-A901CA0D157B}.Release|Any CPU.Build.0 = Release|Any CPU
		{18C608EA-2BA3-86A0-8D10-86756F34DDCF}.Debug|Any CPU.ActiveCfg = Debug|Any CPU
		{18C608EA-2BA3-86A0-8D10-86756F34DDCF}.Debug|Any CPU.Build.0 = Debug|Any CPU
		{18C608EA-2BA3-86A0-8D10-86756F34DDCF}.Release|Any CPU.ActiveCfg = Release|Any CPU
		{18C608EA-2BA3-86A0-8D10-86756F34DDCF}.Release|Any CPU.Build.0 = Release|Any CPU
	EndGlobalSection
	GlobalSection(SolutionProperties) = preSolution
		HideSolutionNode = FALSE
	EndGlobalSection
	GlobalSection(ExtensibilityGlobals) = postSolution
		SolutionGuid = {A93145DA-FF79-4C9C-91CA-757D793BC851}
	EndGlobalSection
EndGlobal
